# THIS IS AN AUTOGENERATED FILE. DO NOT EDIT THIS FILE DIRECTLY.
# yarn lockfile v1


"@terascope/job-components@^0.11.1":
  version "0.11.1"
  resolved "https://registry.yarnpkg.com/@terascope/job-components/-/job-components-0.11.1.tgz#89f488b4f5b39319ecebd0fe4af57470c1cb8314"
  integrity sha512-bBBPybNaizlwYKnBpkLD5G3tTE6dIxqdv8KvQX/C4PwhzQ4niQab7iURv81W3GtVlv1UwF9yURN5BaYLMZSSrw==
  dependencies:
    "@terascope/queue" "^1.1.4"
    convict "^4.4.0"
    datemath-parser "^1.0.6"
    debug "^4.1.0"
    is-plain-object "^2.0.4"
    kind-of "^6.0.2"
    lodash.clonedeep "^4.5.0"
    uuid "^3.3.2"

"@terascope/queue@^1.1.4":
  version "1.1.4"
  resolved "https://registry.yarnpkg.com/@terascope/queue/-/queue-1.1.4.tgz#52db805f09403579478ede0e041f76c176c6e766"
  integrity sha512-ZH8/q1vx8CPYhfamzCRErj1HUvdN8rQbV3uvyAQ7PLKh2+CrN5HX6J8lCa1TVDlb1RTXkCGzOXnJ2b+AJP3lRg==

camelcase@^4.1.0:
  version "4.1.0"
  resolved "https://registry.yarnpkg.com/camelcase/-/camelcase-4.1.0.tgz#d545635be1e33c542649c69173e5de6acfae34dd"
  integrity sha1-1UVjW+HjPFQmScaRc+Xeas+uNN0=

convict@^4.4.0:
  version "4.4.0"
  resolved "https://registry.yarnpkg.com/convict/-/convict-4.4.0.tgz#3723d3050fabf8e3ea773bd725fd52caf1a37bf0"
  integrity sha512-7STJN+UtDR6X+JQdyWo0p6YbOqKNh8KnAeqgPglQTWQYZbClyltp502pyXSPHeDZQT5+j4RD8OdaNNHzX36Lrg==
  dependencies:
    depd "1.1.2"
    json5 "1.0.1"
    lodash.clonedeep "4.5.0"
    moment "2.22.2"
    validator "10.4.0"
    yargs-parser "10.1.0"

datemath-parser@^1.0.6:
  version "1.0.6"
  resolved "https://registry.yarnpkg.com/datemath-parser/-/datemath-parser-1.0.6.tgz#d527dabf8541b3da1b661d81c16c328f3b9a8dc5"
  integrity sha512-TEB1YBiGnLAn8lG8ZRf88NCHEERo04xdi1zVGSb//X4nQZs9yqLX7ZM2Ra1PIx+ivnT6j596c8p9QmUX4Y+ddg==
  dependencies:
    moment "^2.22.2"

debug@^4.1.0:
  version "4.1.0"
  resolved "https://registry.yarnpkg.com/debug/-/debug-4.1.0.tgz#373687bffa678b38b1cd91f861b63850035ddc87"
  integrity sha512-heNPJUJIqC+xB6ayLAMHaIrmN9HKa7aQO8MGqKpvCA+uJYVcvR6l5kgdrhRuwPFHU7P5/A1w0BjByPHwpfTDKg==
  dependencies:
    ms "^2.1.1"

depd@1.1.2:
  version "1.1.2"
  resolved "https://registry.yarnpkg.com/depd/-/depd-1.1.2.tgz#9bcd52e14c097763e749b274c4346ed2e560b5a9"
  integrity sha1-m81S4UwJd2PnSbJ0xDRu0uVgtak=

is-plain-object@^2.0.4:
  version "2.0.4"
  resolved "https://registry.yarnpkg.com/is-plain-object/-/is-plain-object-2.0.4.tgz#2c163b3fafb1b606d9d17928f05c2a1c38e07677"
  integrity sha512-h5PpgXkWitc38BBMYawTYMWJHFZJVnBquFE57xFpjB8pJFiF6gZ+bU+WyI/yqXiFR5mdLsgYNaPe8uao6Uv9Og==
  dependencies:
    isobject "^3.0.1"

isobject@^3.0.1:
  version "3.0.1"
  resolved "https://registry.yarnpkg.com/isobject/-/isobject-3.0.1.tgz#4e431e92b11a9731636aa1f9c8d1ccbcfdab78df"
  integrity sha1-TkMekrEalzFjaqH5yNHMvP2reN8=

json5@1.0.1:
  version "1.0.1"
  resolved "https://registry.yarnpkg.com/json5/-/json5-1.0.1.tgz#779fb0018604fa854eacbf6252180d83543e3dbe"
  integrity sha512-aKS4WQjPenRxiQsC93MNfjx+nbF4PAdYzmd/1JIj8HYzqfbu86beTuNgXDzPknWk0n0uARlyewZo4s++ES36Ow==
  dependencies:
    minimist "^1.2.0"

kind-of@^6.0.2:
  version "6.0.2"
  resolved "https://registry.yarnpkg.com/kind-of/-/kind-of-6.0.2.tgz#01146b36a6218e64e58f3a8d66de5d7fc6f6d051"
  integrity sha512-s5kLOcnH0XqDO+FvuaLX8DDjZ18CGFk7VygH40QoKPUQhW4e2rvM0rwUq0t8IQDOwYSeLK01U90OjzBTme2QqA==

lodash.clonedeep@4.5.0, lodash.clonedeep@^4.5.0:
  version "4.5.0"
  resolved "https://registry.yarnpkg.com/lodash.clonedeep/-/lodash.clonedeep-4.5.0.tgz#e23f3f9c4f8fbdde872529c1071857a086e5ccef"
  integrity sha1-4j8/nE+Pvd6HJSnBBxhXoIblzO8=

lodash.omit@^4.5.0:
  version "4.5.0"
  resolved "https://registry.yarnpkg.com/lodash.omit/-/lodash.omit-4.5.0.tgz#6eb19ae5a1ee1dd9df0b969e66ce0b7fa30b5e60"
  integrity sha1-brGa5aHuHdnfC5aeZs4Lf6MLXmA=

minimist@^1.2.0:
  version "1.2.0"
  resolved "https://registry.yarnpkg.com/minimist/-/minimist-1.2.0.tgz#a35008b20f41383eec1fb914f4cd5df79a264284"
  integrity sha1-o1AIsg9BOD7sH7kU9M1d95omQoQ=

moment@2.22.2, moment@^2.22.2:
  version "2.22.2"
  resolved "https://registry.yarnpkg.com/moment/-/moment-2.22.2.tgz#3c257f9839fc0e93ff53149632239eb90783ff66"
  integrity sha1-PCV/mDn8DpP/UxSWMiOeuQeD/2Y=

ms@^2.1.1:
  version "2.1.1"
  resolved "https://registry.yarnpkg.com/ms/-/ms-2.1.1.tgz#30a5864eb3ebb0a66f2ebe6d727af06a09d86e0a"
  integrity sha512-tgp+dl5cGk28utYktBsrFqA7HKgrhgPsg6Z/EfhWI4gl1Hwq8B/GmY/0oXZ6nF8hDVesS/FpnYaD/kOWhYQvyg==

uuid@^3.3.2:
  version "3.3.2"
  resolved "https://registry.yarnpkg.com/uuid/-/uuid-3.3.2.tgz#1b4af4955eb3077c501c23872fc6513811587131"
  integrity sha512-yXJmeNaw3DnnKAOKJE51sL/ZaYfWJRl1pK9dr19YFCu0ObS231AB1/LbqTKRAQ5kw8A90rA6fr4riOUpTZvQZA==

validator@10.4.0:
  version "10.4.0"
  resolved "https://registry.yarnpkg.com/validator/-/validator-10.4.0.tgz#ee99a44afb3bb5ed350a159f056ca72a204cfc3c"
  integrity sha512-Q/wBy3LB1uOyssgNlXSRmaf22NxjvDNZM2MtIQ4jaEOAB61xsh1TQxsq1CgzUMBV1lDrVMogIh8GjG1DYW0zLg==

yargs-parser@10.1.0:
  version "10.1.0"
  resolved "https://registry.yarnpkg.com/yargs-parser/-/yargs-parser-10.1.0.tgz#7202265b89f7e9e9f2e5765e0fe735a905edbaa8"
  integrity sha512-VCIyR1wJoEBZUqk5PA+oOBF6ypbwh5aNB3I50guxAL/quggdfs4TtNHQrSazFA3fYZ+tEqfs0zIGlv0c/rgjbQ==
  dependencies:
    camelcase "^4.1.0"
