# THIS IS AN AUTOGENERATED FILE. DO NOT EDIT THIS FILE DIRECTLY.
# yarn lockfile v1


"@terascope/job-components@^0.20.4":
  version "0.20.4"
  resolved "https://registry.yarnpkg.com/@terascope/job-components/-/job-components-0.20.4.tgz#6c408c9e9d3f2787023dcb0d036cf8796d170889"
  integrity sha512-oZ3fGJ6IXqT/T87A9QiNbCbDj79kAIYxTvBoaYWT1IBM13IesUc9LHFeqPWFmqjItnfwEwn/S707icmzPSjtQw==
  dependencies:
    "@terascope/queue" "^1.1.6"
    "@terascope/utils" "^0.12.2"
    convict "^4.4.1"
    datemath-parser "^1.0.6"
    uuid "^3.3.2"

"@terascope/queue@^1.1.6":
  version "1.1.6"
  resolved "https://registry.yarnpkg.com/@terascope/queue/-/queue-1.1.6.tgz#763d035cf31d2e1fd819ae827274f50874016708"
  integrity sha512-TmLOLh49UVdksjwAUzOO6lqOQMwJIW0pHsXKibcdfzAcUgwXL3JH6BjO2l1u5njQeHjoj1SOyBk6aU1/fHd0PQ==

"@terascope/utils@^0.12.2":
  version "0.12.3"
  resolved "https://registry.yarnpkg.com/@terascope/utils/-/utils-0.12.3.tgz#876f1b012b3ddb16794dc85a7ce398ebac9ca42c"
  integrity sha512-0163iUD63NcesMvB4+drzyndoRTNWthAIC34ohz5usRWJ+3KbpfpJMx4l8rSIPziJfiNtaWnyds6znqVC2qQYw==
  dependencies:
    debug "^4.1.1"
    is-plain-object "^3.0.0"
    kind-of "^6.0.2"
    lodash.clonedeep "^4.5.0"
    lodash.get "^4.4.2"
    lodash.set "^4.3.2"

camelcase@^5.0.0:
  version "5.3.1"
  resolved "https://registry.yarnpkg.com/camelcase/-/camelcase-5.3.1.tgz#e3c9b31569e106811df242f715725a1f4c494320"
  integrity sha512-L28STB170nwWS63UjtlEOE3dldQApaJXZkOI1uMFfzf3rRuPegHaHesyee+YxQ+W6SvRDQV6UrdOdRiR153wJg==

convict@^4.4.1:
  version "4.4.1"
  resolved "https://registry.yarnpkg.com/convict/-/convict-4.4.1.tgz#87f93c2a4f51bfc961e2873864442d0349a1b0d0"
  integrity sha512-celpR4hOWWwb/S8azhzgQwDon6muAJlNe2LTLeOGyoSgH390TsaqoieAe9BLbAv7+9wNfG7DTA2q3IfFp2viKw==
  dependencies:
    depd "1.1.2"
    json5 "1.0.1"
    lodash.clonedeep "4.5.0"
    moment "2.22.2"
    validator "10.8.0"
    yargs-parser "11.0.0"

datemath-parser@^1.0.6:
  version "1.0.6"
  resolved "https://registry.yarnpkg.com/datemath-parser/-/datemath-parser-1.0.6.tgz#d527dabf8541b3da1b661d81c16c328f3b9a8dc5"
  integrity sha512-TEB1YBiGnLAn8lG8ZRf88NCHEERo04xdi1zVGSb//X4nQZs9yqLX7ZM2Ra1PIx+ivnT6j596c8p9QmUX4Y+ddg==
  dependencies:
    moment "^2.22.2"

debug@^4.1.1:
  version "4.1.1"
  resolved "https://registry.yarnpkg.com/debug/-/debug-4.1.1.tgz#3b72260255109c6b589cee050f1d516139664791"
  integrity sha512-pYAIzeRo8J6KPEaJ0VWOh5Pzkbw/RetuzehGM7QRRX5he4fPHx2rdKMB256ehJCkX+XRQm16eZLqLNS8RSZXZw==
  dependencies:
    ms "^2.1.1"

decamelize@^1.2.0:
  version "1.2.0"
  resolved "https://registry.yarnpkg.com/decamelize/-/decamelize-1.2.0.tgz#f6534d15148269b20352e7bee26f501f9a191290"
  integrity sha1-9lNNFRSCabIDUue+4m9QH5oZEpA=

depd@1.1.2:
  version "1.1.2"
  resolved "https://registry.yarnpkg.com/depd/-/depd-1.1.2.tgz#9bcd52e14c097763e749b274c4346ed2e560b5a9"
  integrity sha1-m81S4UwJd2PnSbJ0xDRu0uVgtak=

is-plain-object@^3.0.0:
  version "3.0.0"
  resolved "https://registry.yarnpkg.com/is-plain-object/-/is-plain-object-3.0.0.tgz#47bfc5da1b5d50d64110806c199359482e75a928"
  integrity sha512-tZIpofR+P05k8Aocp7UI/2UTa9lTJSebCXpFFoR9aibpokDj/uXBsJ8luUu0tTVYKkMU6URDUuOfJZ7koewXvg==
  dependencies:
    isobject "^4.0.0"

isobject@^4.0.0:
  version "4.0.0"
  resolved "https://registry.yarnpkg.com/isobject/-/isobject-4.0.0.tgz#3f1c9155e73b192022a80819bacd0343711697b0"
  integrity sha512-S/2fF5wH8SJA/kmwr6HYhK/RI/OkhD84k8ntalo0iJjZikgq1XFvR5M8NPT1x5F7fBwCG3qHfnzeP/Vh/ZxCUA==

json5@1.0.1:
  version "1.0.1"
  resolved "https://registry.yarnpkg.com/json5/-/json5-1.0.1.tgz#779fb0018604fa854eacbf6252180d83543e3dbe"
  integrity sha512-aKS4WQjPenRxiQsC93MNfjx+nbF4PAdYzmd/1JIj8HYzqfbu86beTuNgXDzPknWk0n0uARlyewZo4s++ES36Ow==
  dependencies:
    minimist "^1.2.0"

kind-of@^6.0.2:
  version "6.0.2"
  resolved "https://registry.yarnpkg.com/kind-of/-/kind-of-6.0.2.tgz#01146b36a6218e64e58f3a8d66de5d7fc6f6d051"
  integrity sha512-s5kLOcnH0XqDO+FvuaLX8DDjZ18CGFk7VygH40QoKPUQhW4e2rvM0rwUq0t8IQDOwYSeLK01U90OjzBTme2QqA==

lodash.clonedeep@4.5.0, lodash.clonedeep@^4.5.0:
  version "4.5.0"
  resolved "https://registry.yarnpkg.com/lodash.clonedeep/-/lodash.clonedeep-4.5.0.tgz#e23f3f9c4f8fbdde872529c1071857a086e5ccef"
  integrity sha1-4j8/nE+Pvd6HJSnBBxhXoIblzO8=

lodash.get@^4.4.2:
  version "4.4.2"
  resolved "https://registry.yarnpkg.com/lodash.get/-/lodash.get-4.4.2.tgz#2d177f652fa31e939b4438d5341499dfa3825e99"
  integrity sha1-LRd/ZS+jHpObRDjVNBSZ36OCXpk=

lodash.once@^4.1.1:
  version "4.1.1"
  resolved "https://registry.yarnpkg.com/lodash.once/-/lodash.once-4.1.1.tgz#0dd3971213c7c56df880977d504c88fb471a97ac"
  integrity sha1-DdOXEhPHxW34gJd9UEyI+0cal6w=

lodash.set@^4.3.2:
  version "4.3.2"
  resolved "https://registry.yarnpkg.com/lodash.set/-/lodash.set-4.3.2.tgz#d8757b1da807dde24816b0d6a84bea1a76230b23"
  integrity sha1-2HV7HagH3eJIFrDWqEvqGnYjCyM=

minimist@^1.2.0:
  version "1.2.0"
  resolved "https://registry.yarnpkg.com/minimist/-/minimist-1.2.0.tgz#a35008b20f41383eec1fb914f4cd5df79a264284"
  integrity sha1-o1AIsg9BOD7sH7kU9M1d95omQoQ=

moment@2.22.2:
  version "2.22.2"
  resolved "https://registry.yarnpkg.com/moment/-/moment-2.22.2.tgz#3c257f9839fc0e93ff53149632239eb90783ff66"
  integrity sha1-PCV/mDn8DpP/UxSWMiOeuQeD/2Y=

moment@^2.22.2:
  version "2.24.0"
  resolved "https://registry.yarnpkg.com/moment/-/moment-2.24.0.tgz#0d055d53f5052aa653c9f6eb68bb5d12bf5c2b5b"
  integrity sha512-bV7f+6l2QigeBBZSM/6yTNq4P2fNpSWj/0e7jQcy87A8e7o2nAfP/34/2ky5Vw4B9S446EtIhodAzkFCcR4dQg==

ms@^2.1.1:
  version "2.1.2"
  resolved "https://registry.yarnpkg.com/ms/-/ms-2.1.2.tgz#d09d1f357b443f493382a8eb3ccd183872ae6009"
  integrity sha512-sGkPx+VjMtmA6MX27oA4FBFELFCZZ4S4XqeGOXCv68tT+jb3vk/RyaKWP0PTKyWtmLSM0b+adUTEvbs1PEaH2w==

uuid@^3.3.2:
  version "3.3.2"
  resolved "https://registry.yarnpkg.com/uuid/-/uuid-3.3.2.tgz#1b4af4955eb3077c501c23872fc6513811587131"
  integrity sha512-yXJmeNaw3DnnKAOKJE51sL/ZaYfWJRl1pK9dr19YFCu0ObS231AB1/LbqTKRAQ5kw8A90rA6fr4riOUpTZvQZA==

validator@10.8.0:
  version "10.8.0"
  resolved "https://registry.yarnpkg.com/validator/-/validator-10.8.0.tgz#8acb15a5c39411cbc8ef2be0c98c2514da4410a7"
  integrity sha512-mXqMxfCh5NLsVgYVKl9WvnHNDPCcbNppHSPPowu0VjtSsGWVY+z8hJF44edLR1nbLNzi3jYoYsIl8KZpioIk6g==

yargs-parser@11.0.0:
  version "11.0.0"
  resolved "https://registry.yarnpkg.com/yargs-parser/-/yargs-parser-11.0.0.tgz#d9fd0f0cd551a2a2ef9bbf42606ffb6211634232"
  integrity sha512-dvsafRjM45h79WOTvS/dP35Sb31SlGAKz6tFjI97kGC4MJFBuzTZY6TTYHrz0QSMQdkyd8Y+RsOMLr+JY0nPFQ==
  dependencies:
    camelcase "^5.0.0"
    decamelize "^1.2.0"
